
Microsoft Visual Studio Solution File, Format Version 12.00
# Visual Studio Version 16
VisualStudioVersion = 16.0.30011.22
MinimumVisualStudioVersion = 10.0.40219.1
Project("{FAE04EC0-301F-11D3-BF4B-00C04F79EFBC}") = "OrangeVote", "OrangeVote.csproj", "{1BC3E880-D76C-45E1-AF16-CAFB4C914802}"
EndProject
Global
	GlobalSection(SolutionConfigurationPlatforms) = preSolution
		Debug|Any CPU = Debug|Any CPU
		Release|Any CPU = Release|Any CPU
	EndGlobalSection
	GlobalSection(ProjectConfigurationPlatforms) = postSolution
		{1BC3E880-D76C-45E1-AF16-CAFB4C914802}.Debug|Any CPU.ActiveCfg = Debug|Any CPU
		{1BC3E880-D76C-45E1-AF16-CAFB4C914802}.Debug|Any CPU.Build.0 = Debug|Any CPU
		{1BC3E880-D76C-45E1-AF16-CAFB4C914802}.Release|Any CPU.ActiveCfg = Release|Any CPU
		{1BC3E880-D76C-45E1-AF16-CAFB4C914802}.Release|Any CPU.Build.0 = Release|Any CPU
	EndGlobalSection
	GlobalSection(SolutionProperties) = preSolution
		HideSolutionNode = FALSE
	EndGlobalSection
	GlobalSection(ExtensibilityGlobals) = postSolution
		SolutionGuid = {9A57FFA9-007A-49CE-8284-8F7B1014228C}
	EndGlobalSection
EndGlobal
